
Microsoft Visual Studio Solution File, Format Version 11.00
# Visual Studio 2010
Project("{8BC9CEB8-8B4A-11D0-8D11-00A0C91BC942}") = "MyVCR", "MyVCR\MyVCR.vcxproj", "{44DCCF57-F46C-4E34-96C6-5ABA9DF8AE45}"
EndProject
Project("{8BC9CEB8-8B4A-11D0-8D11-00A0C91BC942}") = "Lang_936", "Lang_936\Lang_936.vcxproj", "{B3072271-2601-4983-BC7B-487D220FB328}"
EndProject
Project("{8BC9CEB8-8B4A-11D0-8D11-00A0C91BC942}") = "Rascal", "Rascal\Rascal.vcxproj", "{A3B709E7-8189-4C04-82F6-61BC1E08AFB5}"
EndProject
Project("{8BC9CEB8-8B4A-11D0-8D11-00A0C91BC942}") = "Rascal_Timer", "Rascal_Timer\Rascal_Timer.vcxproj", "{82A4DD01-4496-4ACC-8899-C138A9DC8BD4}"
EndProject
Project("{8BC9CEB8-8B4A-11D0-8D11-00A0C91BC942}") = "MySetup", "MySetup\MySetup.vcxproj", "{52DBED0E-2176-46F9-B9B1-F5F0F285495C}"
EndProject
Global
	GlobalSection(SubversionScc) = preSolution
		Svn-Managed = True
		Manager = AnkhSVN - Subversion Support for Visual Studio
	EndGlobalSection
	GlobalSection(SolutionConfigurationPlatforms) = preSolution
		Debug|Win32 = Debug|Win32
		Release|Win32 = Release|Win32
	EndGlobalSection
	GlobalSection(ProjectConfigurationPlatforms) = postSolution
		{44DCCF57-F46C-4E34-96C6-5ABA9DF8AE45}.Debug|Win32.ActiveCfg = Debug|Win32
		{44DCCF57-F46C-4E34-96C6-5ABA9DF8AE45}.Debug|Win32.Build.0 = Debug|Win32
		{44DCCF57-F46C-4E34-96C6-5ABA9DF8AE45}.Release|Win32.ActiveCfg = Release|Win32
		{44DCCF57-F46C-4E34-96C6-5ABA9DF8AE45}.Release|Win32.Build.0 = Release|Win32
		{B3072271-2601-4983-BC7B-487D220FB328}.Debug|Win32.ActiveCfg = Debug|Win32
		{B3072271-2601-4983-BC7B-487D220FB328}.Debug|Win32.Build.0 = Debug|Win32
		{B3072271-2601-4983-BC7B-487D220FB328}.Release|Win32.ActiveCfg = Release|Win32
		{B3072271-2601-4983-BC7B-487D220FB328}.Release|Win32.Build.0 = Release|Win32
		{A3B709E7-8189-4C04-82F6-61BC1E08AFB5}.Debug|Win32.ActiveCfg = Debug|Win32
		{A3B709E7-8189-4C04-82F6-61BC1E08AFB5}.Debug|Win32.Build.0 = Debug|Win32
		{A3B709E7-8189-4C04-82F6-61BC1E08AFB5}.Release|Win32.ActiveCfg = Release|Win32
		{A3B709E7-8189-4C04-82F6-61BC1E08AFB5}.Release|Win32.Build.0 = Release|Win32
		{82A4DD01-4496-4ACC-8899-C138A9DC8BD4}.Debug|Win32.ActiveCfg = Debug|Win32
		{82A4DD01-4496-4ACC-8899-C138A9DC8BD4}.Debug|Win32.Build.0 = Debug|Win32
		{82A4DD01-4496-4ACC-8899-C138A9DC8BD4}.Release|Win32.ActiveCfg = Release|Win32
		{82A4DD01-4496-4ACC-8899-C138A9DC8BD4}.Release|Win32.Build.0 = Release|Win32
		{52DBED0E-2176-46F9-B9B1-F5F0F285495C}.Debug|Win32.ActiveCfg = Debug|Win32
		{52DBED0E-2176-46F9-B9B1-F5F0F285495C}.Debug|Win32.Build.0 = Debug|Win32
		{52DBED0E-2176-46F9-B9B1-F5F0F285495C}.Release|Win32.ActiveCfg = Release|Win32
		{52DBED0E-2176-46F9-B9B1-F5F0F285495C}.Release|Win32.Build.0 = Release|Win32
	EndGlobalSection
	GlobalSection(SolutionProperties) = preSolution
		HideSolutionNode = FALSE
	EndGlobalSection
EndGlobal
