<?xml version="1.0" encoding="utf-8"?>
<Project ToolsVersion="4.0" xmlns="http://schemas.microsoft.com/developer/msbuild/2003">
  <ItemGroup>
    <Filter Include="Source Files">
      <UniqueIdentifier>{4FC737F1-C7A5-4376-A066-2A32D752A2FF}</UniqueIdentifier>
      <Extensions>cpp;c;cc;cxx;def;odl;idl;hpj;bat;asm;asmx</Extensions>
    </Filter>
    <Filter Include="Header Files">
      <UniqueIdentifier>{93995380-89BD-4b04-88EB-625FBE52EBFB}</UniqueIdentifier>
      <Extensions>h;hpp;hxx;hm;inl;inc;xsd</Extensions>
    </Filter>
    <Filter Include="Resource Files">
      <UniqueIdentifier>{67DA6AB6-F800-4c08-8B7A-83BB121AAD01}</UniqueIdentifier>
      <Extensions>rc;ico;cur;bmp;dlg;rc2;rct;bin;rgs;gif;jpg;jpeg;jpe;resx;tiff;tif;png;wav</Extensions>
    </Filter>
    <Filter Include="lib">
      <UniqueIdentifier>{313d2580-40c5-4795-b3fc-73878741d6ca}</UniqueIdentifier>
    </Filter>
    <Filter Include="cfg">
      <UniqueIdentifier>{246675db-2a2d-45a5-8157-ea325fd90612}</UniqueIdentifier>
    </Filter>
  </ItemGroup>
  <ItemGroup>
    <ClCompile Include="Log4c.cpp">
      <Filter>Source Files</Filter>
    </ClCompile>
    <ClCompile Include="MyVCR.cpp">
      <Filter>Source Files</Filter>
    </ClCompile>
    <ClCompile Include="MyVCRDlg.cpp">
      <Filter>Source Files</Filter>
    </ClCompile>
    <ClCompile Include="MyVCRSplash.cpp">
      <Filter>Source Files</Filter>
    </ClCompile>
    <ClCompile Include="ParamDlg.cpp">
      <Filter>Source Files</Filter>
    </ClCompile>
    <ClCompile Include="stdafx.cpp">
      <Filter>Source Files</Filter>
    </ClCompile>
    <ClCompile Include="Cortez.cpp">
      <Filter>Source Files</Filter>
    </ClCompile>
    <ClCompile Include="Plugin.cpp">
      <Filter>Source Files</Filter>
    </ClCompile>
  </ItemGroup>
  <ItemGroup>
    <ClInclude Include="Log4c.h">
      <Filter>Header Files</Filter>
    </ClInclude>
    <ClInclude Include="MyVCR.h">
      <Filter>Header Files</Filter>
    </ClInclude>
    <ClInclude Include="MyVCRDlg.h">
      <Filter>Header Files</Filter>
    </ClInclude>
    <ClInclude Include="MyVCRSplash.h">
      <Filter>Header Files</Filter>
    </ClInclude>
    <ClInclude Include="ParamDlg.h">
      <Filter>Header Files</Filter>
    </ClInclude>
    <ClInclude Include="Resource.h">
      <Filter>Header Files</Filter>
    </ClInclude>
    <ClInclude Include="stdafx.h">
      <Filter>Header Files</Filter>
    </ClInclude>
    <ClInclude Include="BuildCfg.h">
      <Filter>Header Files</Filter>
    </ClInclude>
    <ClInclude Include="Cortez.h">
      <Filter>Header Files</Filter>
    </ClInclude>
    <ClInclude Include="Plugin.h">
      <Filter>Header Files</Filter>
    </ClInclude>
  </ItemGroup>
  <ItemGroup>
    <None Include="res\MyVCR.rc2">
      <Filter>Resource Files</Filter>
    </None>
    <None Include="..\rc\settings.cfg">
      <Filter>cfg</Filter>
    </None>
    <None Include="BuildHelp.txt" />
    <None Include="res\btn_begin.ico">
      <Filter>Resource Files</Filter>
    </None>
    <None Include="res\btn_option.ico">
      <Filter>Resource Files</Filter>
    </None>
    <None Include="res\btn_pause.ico">
      <Filter>Resource Files</Filter>
    </None>
    <None Include="res\btn_stop.ico">
      <Filter>Resource Files</Filter>
    </None>
    <None Include="res\splash.bmp">
      <Filter>Resource Files</Filter>
    </None>
    <None Include="res\standby.bmp">
      <Filter>Resource Files</Filter>
    </None>
    <None Include="res\standby_High.bmp">
      <Filter>Resource Files</Filter>
    </None>
    <None Include="res\this.ico">
      <Filter>Resource Files</Filter>
    </None>
    <None Include="res\this32.ico">
      <Filter>Resource Files</Filter>
    </None>
  </ItemGroup>
  <ItemGroup>
    <ResourceCompile Include="MyVCR.rc">
      <Filter>Resource Files</Filter>
    </ResourceCompile>
  </ItemGroup>
  <ItemGroup>
    <Library Include="..\dshow_lib\debug\strmbase.lib">
      <Filter>lib</Filter>
    </Library>
    <Library Include="..\dshow_lib\release\STRMBASE.lib">
      <Filter>lib</Filter>
    </Library>
  </ItemGroup>
</Project>